// !$*UTF8*$!
{
	archiveVersion = 1;
	classes = {
	};
	objectVersion = 50;
	objects = {

/* Begin PBXBuildFile section */
		6CBC271C21178BC200FBA767 /* AppDelegate.swift in Sources */ = {isa = PBXBuildFile; fileRef = 6CBC271B21178BC200FBA767 /* AppDelegate.swift */; };
		6CBC271E21178BC200FBA767 /* ViewController.swift in Sources */ = {isa = PBXBuildFile; fileRef = 6CBC271D21178BC200FBA767 /* ViewController.swift */; };
		6CBC272121178BC200FBA767 /* Main.storyboard in Resources */ = {isa = PBXBuildFile; fileRef = 6CBC271F21178BC200FBA767 /* Main.storyboard */; };
		6CBC272321178BC300FBA767 /* Assets.xcassets in Resources */ = {isa = PBXBuildFile; fileRef = 6CBC272221178BC300FBA767 /* Assets.xcassets */; };
		6CBC272621178BC300FBA767 /* LaunchScreen.storyboard in Resources */ = {isa = PBXBuildFile; fileRef = 6CBC272421178BC300FBA767 /* LaunchScreen.storyboard */; };
		6CBC273121178BC300FBA767 /* ChambitasTests.swift in Sources */ = {isa = PBXBuildFile; fileRef = 6CBC273021178BC300FBA767 /* ChambitasTests.swift */; };
		6CBC273C21178BC300FBA767 /* ChambitasUITests.swift in Sources */ = {isa = PBXBuildFile; fileRef = 6CBC273B21178BC300FBA767 /* ChambitasUITests.swift */; };
/* End PBXBuildFile section */

/* Begin PBXContainerItemProxy section */
		6CBC272D21178BC300FBA767 /* PBXContainerItemProxy */ = {
			isa = PBXContainerItemProxy;
			containerPortal = 6CBC271021178BC200FBA767 /* Project object */;
			proxyType = 1;
			remoteGlobalIDString = 6CBC271721178BC200FBA767;
			remoteInfo = Chambitas;
		};
		6CBC273821178BC300FBA767 /* PBXContainerItemProxy */ = {
			isa = PBXContainerItemProxy;
			containerPortal = 6CBC271021178BC200FBA767 /* Project object */;
			proxyType = 1;
			remoteGlobalIDString = 6CBC271721178BC200FBA767;
			remoteInfo = Chambitas;
		};
/* End PBXContainerItemProxy section */

/* Begin PBXFileReference section */
		6CBC271821178BC200FBA767 /* Chambitas.app */ = {isa = PBXFileReference; explicitFileType = wrapper.application; includeInIndex = 0; path = Chambitas.app; sourceTree = BUILT_PRODUCTS_DIR; };
		6CBC271B21178BC200FBA767 /* AppDelegate.swift */ = {isa = PBXFileReference; lastKnownFileType = sourcecode.swift; path = AppDelegate.swift; sourceTree = "<group>"; };
		6CBC271D21178BC200FBA767 /* ViewController.swift */ = {isa = PBXFileReference; lastKnownFileType = sourcecode.swift; path = ViewController.swift; sourceTree = "<group>"; };
		6CBC272021178BC200FBA767 /* Base */ = {isa = PBXFileReference; lastKnownFileType = file.storyboard; name = Base; path = Base.lproj/Main.storyboard; sourceTree = "<group>"; };
		6CBC272221178BC300FBA767 /* Assets.xcassets */ = {isa = PBXFileReference; lastKnownFileType = folder.assetcatalog; path = Assets.xcassets; sourceTree = "<group>"; };
		6CBC272521178BC300FBA767 /* Base */ = {isa = PBXFileReference; lastKnownFileType = file.storyboard; name = Base; path = Base.lproj/LaunchScreen.storyboard; sourceTree = "<group>"; };
		6CBC272721178BC300FBA767 /* Info.plist */ = {isa = PBXFileReference; lastKnownFileType = text.plist.xml; path = Info.plist; sourceTree = "<group>"; };
		6CBC272C21178BC300FBA767 /* ChambitasTests.xctest */ = {isa = PBXFileReference; explicitFileType = wrapper.cfbundle; includeInIndex = 0; path = ChambitasTests.xctest; sourceTree = BUILT_PRODUCTS_DIR; };
		6CBC273021178BC300FBA767 /* ChambitasTests.swift */ = {isa = PBXFileReference; lastKnownFileType = sourcecode.swift; path = ChambitasTests.swift; sourceTree = "<group>"; };
		6CBC273221178BC300FBA767 /* Info.plist */ = {isa = PBXFileReference; lastKnownFileType = text.plist.xml; path = Info.plist; sourceTree = "<group>"; };
		6CBC273721178BC300FBA767 /* ChambitasUITests.xctest */ = {isa = PBXFileReference; explicitFileType = wrapper.cfbundle; includeInIndex = 0; path = ChambitasUITests.xctest; sourceTree = BUILT_PRODUCTS_DIR; };
		6CBC273B21178BC300FBA767 /* ChambitasUITests.swift */ = {isa = PBXFileReference; lastKnownFileType = sourcecode.swift; path = ChambitasUITests.swift; sourceTree = "<group>"; };
		6CBC273D21178BC300FBA767 /* Info.plist */ = {isa = PBXFileReference; lastKnownFileType = text.plist.xml; path = Info.plist; sourceTree = "<group>"; };
/* End PBXFileReference section */

/* Begin PBXFrameworksBuildPhase section */
		6CBC271521178BC200FBA767 /* Frameworks */ = {
			isa = PBXFrameworksBuildPhase;
			buildActionMask = 2147483647;
			files = (
			);
			runOnlyForDeploymentPostprocessing = 0;
		};
		6CBC272921178BC300FBA767 /* Frameworks */ = {
			isa = PBXFrameworksBuildPhase;
			buildActionMask = 2147483647;
			files = (
			);
			runOnlyForDeploymentPostprocessing = 0;
		};
		6CBC273421178BC300FBA767 /* Frameworks */ = {
			isa = PBXFrameworksBuildPhase;
			buildActionMask = 2147483647;
			files = (
			);
			runOnlyForDeploymentPostprocessing = 0;
		};
/* End PBXFrameworksBuildPhase section */

/* Begin PBXGroup section */
		6CBC270F21178BC200FBA767 = {
			isa = PBXGroup;
			children = (
				6CBC271A21178BC200FBA767 /* Chambitas */,
				6CBC272F21178BC300FBA767 /* ChambitasTests */,
				6CBC273A21178BC300FBA767 /* ChambitasUITests */,
				6CBC271921178BC200FBA767 /* Products */,
			);
			sourceTree = "<group>";
		};
		6CBC271921178BC200FBA767 /* Products */ = {
			isa = PBXGroup;
			children = (
				6CBC271821178BC200FBA767 /* Chambitas.app */,
				6CBC272C21178BC300FBA767 /* ChambitasTests.xctest */,
				6CBC273721178BC300FBA767 /* ChambitasUITests.xctest */,
			);
			name = Products;
			sourceTree = "<group>";
		};
		6CBC271A21178BC200FBA767 /* Chambitas */ = {
			isa = PBXGroup;
			children = (
				6CBC271B21178BC200FBA767 /* AppDelegate.swift */,
				6CBC271D21178BC200FBA767 /* ViewController.swift */,
				6CBC271F21178BC200FBA767 /* Main.storyboard */,
				6CBC272221178BC300FBA767 /* Assets.xcassets */,
				6CBC272421178BC300FBA767 /* LaunchScreen.storyboard */,
				6CBC272721178BC300FBA767 /* Info.plist */,
			);
			path = Chambitas;
			sourceTree = "<group>";
		};
		6CBC272F21178BC300FBA767 /* ChambitasTests */ = {
			isa = PBXGroup;
			children = (
				6CBC273021178BC300FBA767 /* ChambitasTests.swift */,
				6CBC273221178BC300FBA767 /* Info.plist */,
			);
			path = ChambitasTests;
			sourceTree = "<group>";
		};
		6CBC273A21178BC300FBA767 /* ChambitasUITests */ = {
			isa = PBXGroup;
			children = (
				6CBC273B21178BC300FBA767 /* ChambitasUITests.swift */,
				6CBC273D21178BC300FBA767 /* Info.plist */,
			);
			path = ChambitasUITests;
			sourceTree = "<group>";
		};
/* End PBXGroup section */

/* Begin PBXNativeTarget section */
		6CBC271721178BC200FBA767 /* Chambitas */ = {
			isa = PBXNativeTarget;
			buildConfigurationList = 6CBC274021178BC300FBA767 /* Build configuration list for PBXNativeTarget "Chambitas" */;
			buildPhases = (
				6CBC271421178BC200FBA767 /* Sources */,
				6CBC271521178BC200FBA767 /* Frameworks */,
				6CBC271621178BC200FBA767 /* Resources */,
			);
			buildRules = (
			);
			dependencies = (
			);
			name = Chambitas;
			productName = Chambitas;
			productReference = 6CBC271821178BC200FBA767 /* Chambitas.app */;
			productType = "com.apple.product-type.application";
		};
		6CBC272B21178BC300FBA767 /* ChambitasTests */ = {
			isa = PBXNativeTarget;
			buildConfigurationList = 6CBC274321178BC300FBA767 /* Build configuration list for PBXNativeTarget "ChambitasTests" */;
			buildPhases = (
				6CBC272821178BC300FBA767 /* Sources */,
				6CBC272921178BC300FBA767 /* Frameworks */,
				6CBC272A21178BC300FBA767 /* Resources */,
			);
			buildRules = (
			);
			dependencies = (
				6CBC272E21178BC300FBA767 /* PBXTargetDependency */,
			);
			name = ChambitasTests;
			productName = ChambitasTests;
			productReference = 6CBC272C21178BC300FBA767 /* ChambitasTests.xctest */;
			productType = "com.apple.product-type.bundle.unit-test";
		};
		6CBC273621178BC300FBA767 /* ChambitasUITests */ = {
			isa = PBXNativeTarget;
			buildConfigurationList = 6CBC274621178BC300FBA767 /* Build configuration list for PBXNativeTarget "ChambitasUITests" */;
			buildPhases = (
				6CBC273321178BC300FBA767 /* Sources */,
				6CBC273421178BC300FBA767 /* Frameworks */,
				6CBC273521178BC300FBA767 /* Resources */,
			);
			buildRules = (
			);
			dependencies = (
				6CBC273921178BC300FBA767 /* PBXTargetDependency */,
			);
			name = ChambitasUITests;
			productName = ChambitasUITests;
			productReference = 6CBC273721178BC300FBA767 /* ChambitasUITests.xctest */;
			productType = "com.apple.product-type.bundle.ui-testing";
		};
/* End PBXNativeTarget section */

/* Begin PBXProject section */
		6CBC271021178BC200FBA767 /* Project object */ = {
			isa = PBXProject;
			attributes = {
				LastSwiftUpdateCheck = 0940;
				LastUpgradeCheck = 0940;
				ORGANIZATIONNAME = "Julio Villanueva";
				TargetAttributes = {
					6CBC271721178BC200FBA767 = {
						CreatedOnToolsVersion = 9.4.1;
					};
					6CBC272B21178BC300FBA767 = {
						CreatedOnToolsVersion = 9.4.1;
						TestTargetID = 6CBC271721178BC200FBA767;
					};
					6CBC273621178BC300FBA767 = {
						CreatedOnToolsVersion = 9.4.1;
						TestTargetID = 6CBC271721178BC200FBA767;
					};
				};
			};
			buildConfigurationList = 6CBC271321178BC200FBA767 /* Build configuration list for PBXProject "Chambitas" */;
			compatibilityVersion = "Xcode 9.3";
			developmentRegion = en;
			hasScannedForEncodings = 0;
			knownRegions = (
				en,
				Base,
			);
			mainGroup = 6CBC270F21178BC200FBA767;
			productRefGroup = 6CBC271921178BC200FBA767 /* Products */;
			projectDirPath = "";
			projectRoot = "";
			targets = (
				6CBC271721178BC200FBA767 /* Chambitas */,
				6CBC272B21178BC300FBA767 /* ChambitasTests */,
				6CBC273621178BC300FBA767 /* ChambitasUITests */,
			);
		};
/* End PBXProject section */

/* Begin PBXResourcesBuildPhase section */
		6CBC271621178BC200FBA767 /* Resources */ = {
			isa = PBXResourcesBuildPhase;
			buildActionMask = 2147483647;
			files = (
				6CBC272621178BC300FBA767 /* LaunchScreen.storyboard in Resources */,
				6CBC272321178BC300FBA767 /* Assets.xcassets in Resources */,
				6CBC272121178BC200FBA767 /* Main.storyboard in Resources */,
			);
			runOnlyForDeploymentPostprocessing = 0;
		};
		6CBC272A21178BC300FBA767 /* Resources */ = {
			isa = PBXResourcesBuildPhase;
			buildActionMask = 2147483647;
			files = (
			);
			runOnlyForDeploymentPostprocessing = 0;
		};
		6CBC273521178BC300FBA767 /* Resources */ = {
			isa = PBXResourcesBuildPhase;
			buildActionMask = 2147483647;
			files = (
			);
			runOnlyForDeploymentPostprocessing = 0;
		};
/* End PBXResourcesBuildPhase section */

/* Begin PBXSourcesBuildPhase section */
		6CBC271421178BC200FBA767 /* Sources */ = {
			isa = PBXSourcesBuildPhase;
			buildActionMask = 2147483647;
			files = (
				6CBC271E21178BC200FBA767 /* ViewController.swift in Sources */,
				6CBC271C21178BC200FBA767 /* AppDelegate.swift in Sources */,
			);
			runOnlyForDeploymentPostprocessing = 0;
		};
		6CBC272821178BC300FBA767 /* Sources */ = {
			isa = PBXSourcesBuildPhase;
			buildActionMask = 2147483647;
			files = (
				6CBC273121178BC300FBA767 /* ChambitasTests.swift in Sources */,
			);
			runOnlyForDeploymentPostprocessing = 0;
		};
		6CBC273321178BC300FBA767 /* Sources */ = {
			isa = PBXSourcesBuildPhase;
			buildActionMask = 2147483647;
			files = (
				6CBC273C21178BC300FBA767 /* ChambitasUITests.swift in Sources */,
			);
			runOnlyForDeploymentPostprocessing = 0;
		};
/* End PBXSourcesBuildPhase section */

/* Begin PBXTargetDependency section */
		6CBC272E21178BC300FBA767 /* PBXTargetDependency */ = {
			isa = PBXTargetDependency;
			target = 6CBC271721178BC200FBA767 /* Chambitas */;
			targetProxy = 6CBC272D21178BC300FBA767 /* PBXContainerItemProxy */;
		};
		6CBC273921178BC300FBA767 /* PBXTargetDependency */ = {
			isa = PBXTargetDependency;
			target = 6CBC271721178BC200FBA767 /* Chambitas */;
			targetProxy = 6CBC273821178BC300FBA767 /* PBXContainerItemProxy */;
		};
/* End PBXTargetDependency section */

/* Begin PBXVariantGroup section */
		6CBC271F21178BC200FBA767 /* Main.storyboard */ = {
			isa = PBXVariantGroup;
			children = (
				6CBC272021178BC200FBA767 /* Base */,
			);
			name = Main.storyboard;
			sourceTree = "<group>";
		};
		6CBC272421178BC300FBA767 /* LaunchScreen.storyboard */ = {
			isa = PBXVariantGroup;
			children = (
				6CBC272521178BC300FBA767 /* Base */,
			);
			name = LaunchScreen.storyboard;
			sourceTree = "<group>";
		};
/* End PBXVariantGroup section */

/* Begin XCBuildConfiguration section */
		6CBC273E21178BC300FBA767 /* Debug */ = {
			isa = XCBuildConfiguration;
			buildSettings = {
				ALWAYS_SEARCH_USER_PATHS = NO;
				CLANG_ANALYZER_NONNULL = YES;
				CLANG_ANALYZER_NUMBER_OBJECT_CONVERSION = YES_AGGRESSIVE;
				CLANG_CXX_LANGUAGE_STANDARD = "gnu++14";
				CLANG_CXX_LIBRARY = "libc++";
				CLANG_ENABLE_MODULES = YES;
				CLANG_ENABLE_OBJC_ARC = YES;
				CLANG_ENABLE_OBJC_WEAK = YES;
				CLANG_WARN_BLOCK_CAPTURE_AUTORELEASING = YES;
				CLANG_WARN_BOOL_CONVERSION = YES;
				CLANG_WARN_COMMA = YES;
				CLANG_WARN_CONSTANT_CONVERSION = YES;
				CLANG_WARN_DEPRECATED_OBJC_IMPLEMENTATIONS = YES;
				CLANG_WARN_DIRECT_OBJC_ISA_USAGE = YES_ERROR;
				CLANG_WARN_DOCUMENTATION_COMMENTS = YES;
				CLANG_WARN_EMPTY_BODY = YES;
				CLANG_WARN_ENUM_CONVERSION = YES;
				CLANG_WARN_INFINITE_RECURSION = YES;
				CLANG_WARN_INT_CONVERSION = YES;
				CLANG_WARN_NON_LITERAL_NULL_CONVERSION = YES;
				CLANG_WARN_OBJC_IMPLICIT_RETAIN_SELF = YES;
				CLANG_WARN_OBJC_LITERAL_CONVERSION = YES;
				CLANG_WARN_OBJC_ROOT_CLASS = YES_ERROR;
				CLANG_WARN_RANGE_LOOP_ANALYSIS = YES;
				CLANG_WARN_STRICT_PROTOTYPES = YES;
				CLANG_WARN_SUSPICIOUS_MOVE = YES;
				CLANG_WARN_UNGUARDED_AVAILABILITY = YES_AGGRESSIVE;
				CLANG_WARN_UNREACHABLE_CODE = YES;
				CLANG_WARN__DUPLICATE_METHOD_MATCH = YES;
				CODE_SIGN_IDENTITY = "iPhone Developer";
				COPY_PHASE_STRIP = NO;
				DEBUG_INFORMATION_FORMAT = dwarf;
				ENABLE_STRICT_OBJC_MSGSEND = YES;
				ENABLE_TESTABILITY = YES;
				GCC_C_LANGUAGE_STANDARD = gnu11;
				GCC_DYNAMIC_NO_PIC = NO;
				GCC_NO_COMMON_BLOCKS = YES;
				GCC_OPTIMIZATION_LEVEL = 0;
				GCC_PREPROCESSOR_DEFINITIONS = (
					"DEBUG=1",
					"$(inherited)",
				);
				GCC_WARN_64_TO_32_BIT_CONVERSION = YES;
				GCC_WARN_ABOUT_RETURN_TYPE = YES_ERROR;
				GCC_WARN_UNDECLARED_SELECTOR = YES;
				GCC_WARN_UNINITIALIZED_AUTOS = YES_AGGRESSIVE;
				GCC_WARN_UNUSED_FUNCTION = YES;
				GCC_WARN_UNUSED_VARIABLE = YES;
				IPHONEOS_DEPLOYMENT_TARGET = 11.4;
				MTL_ENABLE_DEBUG_INFO = YES;
				ONLY_ACTIVE_ARCH = YES;
				SDKROOT = iphoneos;
				SWIFT_ACTIVE_COMPILATION_CONDITIONS = DEBUG;
				SWIFT_OPTIMIZATION_LEVEL = "-Onone";
			};
			name = Debug;
		};
		6CBC273F21178BC300FBA767 /* Release */ = {
			isa = XCBuildConfiguration;
			buildSettings = {
				ALWAYS_SEARCH_USER_PATHS = NO;
				CLANG_ANALYZER_NONNULL = YES;
				CLANG_ANALYZER_NUMBER_OBJECT_CONVERSION = YES_AGGRESSIVE;
				CLANG_CXX_LANGUAGE_STANDARD = "gnu++14";
				CLANG_CXX_LIBRARY = "libc++";
				CLANG_ENABLE_MODULES = YES;
				CLANG_ENABLE_OBJC_ARC = YES;
				CLANG_ENABLE_OBJC_WEAK = YES;
				CLANG_WARN_BLOCK_CAPTURE_AUTORELEASING = YES;
				CLANG_WARN_BOOL_CONVERSION = YES;
				CLANG_WARN_COMMA = YES;
				CLANG_WARN_CONSTANT_CONVERSION = YES;
				CLANG_WARN_DEPRECATED_OBJC_IMPLEMENTATIONS = YES;
				CLANG_WARN_DIRECT_OBJC_ISA_USAGE = YES_ERROR;
				CLANG_WARN_DOCUMENTATION_COMMENTS = YES;
				CLANG_WARN_EMPTY_BODY = YES;
				CLANG_WARN_ENUM_CONVERSION = YES;
				CLANG_WARN_INFINITE_RECURSION = YES;
				CLANG_WARN_INT_CONVERSION = YES;
				CLANG_WARN_NON_LITERAL_NULL_CONVERSION = YES;
				CLANG_WARN_OBJC_IMPLICIT_RETAIN_SELF = YES;
				CLANG_WARN_OBJC_LITERAL_CONVERSION = YES;
				CLANG_WARN_OBJC_ROOT_CLASS = YES_ERROR;
				CLANG_WARN_RANGE_LOOP_ANALYSIS = YES;
				CLANG_WARN_STRICT_PROTOTYPES = YES;
				CLANG_WARN_SUSPICIOUS_MOVE = YES;
				CLANG_WARN_UNGUARDED_AVAILABILITY = YES_AGGRESSIVE;
				CLANG_WARN_UNREACHABLE_CODE = YES;
				CLANG_WARN__DUPLICATE_METHOD_MATCH = YES;
				CODE_SIGN_IDENTITY = "iPhone Developer";
				COPY_PHASE_STRIP = NO;
				DEBUG_INFORMATION_FORMAT = "dwarf-with-dsym";
				ENABLE_NS_ASSERTIONS = NO;
				ENABLE_STRICT_OBJC_MSGSEND = YES;
				GCC_C_LANGUAGE_STANDARD = gnu11;
				GCC_NO_COMMON_BLOCKS = YES;
				GCC_WARN_64_TO_32_BIT_CONVERSION = YES;
				GCC_WARN_ABOUT_RETURN_TYPE = YES_ERROR;
				GCC_WARN_UNDECLARED_SELECTOR = YES;
				GCC_WARN_UNINITIALIZED_AUTOS = YES_AGGRESSIVE;
				GCC_WARN_UNUSED_FUNCTION = YES;
				GCC_WARN_UNUSED_VARIABLE = YES;
				IPHONEOS_DEPLOYMENT_TARGET = 11.4;
				MTL_ENABLE_DEBUG_INFO = NO;
				SDKROOT = iphoneos;
				SWIFT_COMPILATION_MODE = wholemodule;
				SWIFT_OPTIMIZATION_LEVEL = "-O";
				VALIDATE_PRODUCT = YES;
			};
			name = Release;
		};
		6CBC274121178BC300FBA767 /* Debug */ = {
			isa = XCBuildConfiguration;
			buildSettings = {
				ASSETCATALOG_COMPILER_APPICON_NAME = AppIcon;
				CODE_SIGN_STYLE = Manual;
				DEVELOPMENT_TEAM = V9QPA276C7;
				INFOPLIST_FILE = Chambitas/Info.plist;
				LD_RUNPATH_SEARCH_PATHS = (
					"$(inherited)",
					"@executable_path/Frameworks",
				);
				PRODUCT_BUNDLE_IDENTIFIER = com.julio.nuria.chambitas;
				PRODUCT_NAME = "$(TARGET_NAME)";
				PROVISIONING_PROFILE = "a512c2e6-6308-4230-a519-6fe09aaa07c2";
				PROVISIONING_PROFILE_SPECIFIER = "match Development com.julio.nuria.chambitas";
				SWIFT_VERSION = 4.0;
				TARGETED_DEVICE_FAMILY = "1,2";
			};
			name = Debug;
		};
		6CBC274221178BC300FBA767 /* Release */ = {
			isa = XCBuildConfiguration;
			buildSettings = {
				ASSETCATALOG_COMPILER_APPICON_NAME = AppIcon;
				CODE_SIGN_IDENTITY = "iPhone Distribution";
				CODE_SIGN_STYLE = Manual;
				DEVELOPMENT_TEAM = V9QPA276C7;
				INFOPLIST_FILE = Chambitas/Info.plist;
				LD_RUNPATH_SEARCH_PATHS = (
					"$(inherited)",
					"@executable_path/Frameworks",
				);
				PRODUCT_BUNDLE_IDENTIFIER = com.julio.nuria.chambitas;
				PRODUCT_NAME = "$(TARGET_NAME)";
				PROVISIONING_PROFILE = "e0599d98-8eb4-4969-a8eb-ec8ec1ea9253";
				PROVISIONING_PROFILE_SPECIFIER = "com.julio.nuria.chambitas AppStore";
				SWIFT_VERSION = 4.0;
				TARGETED_DEVICE_FAMILY = "1,2";
			};
			name = Release;
		};
		6CBC274421178BC300FBA767 /* Debug */ = {
			isa = XCBuildConfiguration;
			buildSettings = {
				ALWAYS_EMBED_SWIFT_STANDARD_LIBRARIES = YES;
				BUNDLE_LOADER = "$(TEST_HOST)";
				CODE_SIGN_STYLE = Automatic;
				DEVELOPMENT_TEAM = V9QPA276C7;
				INFOPLIST_FILE = ChambitasTests/Info.plist;
				LD_RUNPATH_SEARCH_PATHS = (
					"$(inherited)",
					"@executable_path/Frameworks",
					"@loader_path/Frameworks",
				);
				PRODUCT_BUNDLE_IDENTIFIER = com.julio.ChambitasTests;
				PRODUCT_NAME = "$(TARGET_NAME)";
				SWIFT_VERSION = 4.0;
				TARGETED_DEVICE_FAMILY = "1,2";
				TEST_HOST = "$(BUILT_PRODUCTS_DIR)/Chambitas.app/Chambitas";
			};
			name = Debug;
		};
		6CBC274521178BC300FBA767 /* Release */ = {
			isa = XCBuildConfiguration;
			buildSettings = {
				ALWAYS_EMBED_SWIFT_STANDARD_LIBRARIES = YES;
				BUNDLE_LOADER = "$(TEST_HOST)";
				CODE_SIGN_STYLE = Automatic;
				DEVELOPMENT_TEAM = V9QPA276C7;
				INFOPLIST_FILE = ChambitasTests/Info.plist;
				LD_RUNPATH_SEARCH_PATHS = (
					"$(inherited)",
					"@executable_path/Frameworks",
					"@loader_path/Frameworks",
				);
				PRODUCT_BUNDLE_IDENTIFIER = com.julio.ChambitasTests;
				PRODUCT_NAME = "$(TARGET_NAME)";
				SWIFT_VERSION = 4.0;
				TARGETED_DEVICE_FAMILY = "1,2";
				TEST_HOST = "$(BUILT_PRODUCTS_DIR)/Chambitas.app/Chambitas";
			};
			name = Release;
		};
		6CBC274721178BC300FBA767 /* Debug */ = {
			isa = XCBuildConfiguration;
			buildSettings = {
				ALWAYS_EMBED_SWIFT_STANDARD_LIBRARIES = YES;
				CODE_SIGN_STYLE = Automatic;
				DEVELOPMENT_TEAM = V9QPA276C7;
				INFOPLIST_FILE = ChambitasUITests/Info.plist;
				LD_RUNPATH_SEARCH_PATHS = (
					"$(inherited)",
					"@executable_path/Frameworks",
					"@loader_path/Frameworks",
				);
				PRODUCT_BUNDLE_IDENTIFIER = com.julio.ChambitasUITests;
				PRODUCT_NAME = "$(TARGET_NAME)";
				SWIFT_VERSION = 4.0;
				TARGETED_DEVICE_FAMILY = "1,2";
				TEST_TARGET_NAME = Chambitas;
			};
			name = Debug;
		};
		6CBC274821178BC300FBA767 /* Release */ = {
			isa = XCBuildConfiguration;
			buildSettings = {
				ALWAYS_EMBED_SWIFT_STANDARD_LIBRARIES = YES;
				CODE_SIGN_STYLE = Automatic;
				DEVELOPMENT_TEAM = V9QPA276C7;
				INFOPLIST_FILE = ChambitasUITests/Info.plist;
				LD_RUNPATH_SEARCH_PATHS = (
					"$(inherited)",
					"@executable_path/Frameworks",
					"@loader_path/Frameworks",
				);
				PRODUCT_BUNDLE_IDENTIFIER = com.julio.ChambitasUITests;
				PRODUCT_NAME = "$(TARGET_NAME)";
				SWIFT_VERSION = 4.0;
				TARGETED_DEVICE_FAMILY = "1,2";
				TEST_TARGET_NAME = Chambitas;
			};
			name = Release;
		};
/* End XCBuildConfiguration section */

/* Begin XCConfigurationList section */
		6CBC271321178BC200FBA767 /* Build configuration list for PBXProject "Chambitas" */ = {
			isa = XCConfigurationList;
			buildConfigurations = (
				6CBC273E21178BC300FBA767 /* Debug */,
				6CBC273F21178BC300FBA767 /* Release */,
			);
			defaultConfigurationIsVisible = 0;
			defaultConfigurationName = Release;
		};
		6CBC274021178BC300FBA767 /* Build configuration list for PBXNativeTarget "Chambitas" */ = {
			isa = XCConfigurationList;
			buildConfigurations = (
				6CBC274121178BC300FBA767 /* Debug */,
				6CBC274221178BC300FBA767 /* Release */,
			);
			defaultConfigurationIsVisible = 0;
			defaultConfigurationName = Release;
		};
		6CBC274321178BC300FBA767 /* Build configuration list for PBXNativeTarget "ChambitasTests" */ = {
			isa = XCConfigurationList;
			buildConfigurations = (
				6CBC274421178BC300FBA767 /* Debug */,
				6CBC274521178BC300FBA767 /* Release */,
			);
			defaultConfigurationIsVisible = 0;
			defaultConfigurationName = Release;
		};
		6CBC274621178BC300FBA767 /* Build configuration list for PBXNativeTarget "ChambitasUITests" */ = {
			isa = XCConfigurationList;
			buildConfigurations = (
				6CBC274721178BC300FBA767 /* Debug */,
				6CBC274821178BC300FBA767 /* Release */,
			);
			defaultConfigurationIsVisible = 0;
			defaultConfigurationName = Release;
		};
/* End XCConfigurationList section */
	};
	rootObject = 6CBC271021178BC200FBA767 /* Project object */;
}
